// !$*UTF8*$!
{
	archiveVersion = 1;
	classes = {
	};
	objectVersion = 50;
	objects = {

/* Begin PBXBuildFile section */
		A2407FF521E833A10058E1E1 /* AppDelegate.swift in Sources */ = {isa = PBXBuildFile; fileRef = A2407FF421E833A10058E1E1 /* AppDelegate.swift */; };
		A2407FF721E833A10058E1E1 /* ViewController.swift in Sources */ = {isa = PBXBuildFile; fileRef = A2407FF621E833A10058E1E1 /* ViewController.swift */; };
		A2407FFA21E833A10058E1E1 /* Main.storyboard in Resources */ = {isa = PBXBuildFile; fileRef = A2407FF821E833A10058E1E1 /* Main.storyboard */; };
		A2407FFC21E833A40058E1E1 /* Assets.xcassets in Resources */ = {isa = PBXBuildFile; fileRef = A2407FFB21E833A40058E1E1 /* Assets.xcassets */; };
		A2407FFF21E833A40058E1E1 /* LaunchScreen.storyboard in Resources */ = {isa = PBXBuildFile; fileRef = A2407FFD21E833A40058E1E1 /* LaunchScreen.storyboard */; };
		A240800721E834860058E1E1 /* EasyTabBarConfigure.swift in Sources */ = {isa = PBXBuildFile; fileRef = A240800621E834860058E1E1 /* EasyTabBarConfigure.swift */; };
		A240800921E8351D0058E1E1 /* TableViewController.swift in Sources */ = {isa = PBXBuildFile; fileRef = A240800821E8351D0058E1E1 /* TableViewController.swift */; };
		A240800C21E838340058E1E1 /* EasyLoadingShimmer.swift in Sources */ = {isa = PBXBuildFile; fileRef = A240800B21E838340058E1E1 /* EasyLoadingShimmer.swift */; };
		A240808421E99FCB0058E1E1 /* CustomCell.swift in Sources */ = {isa = PBXBuildFile; fileRef = A240808321E99FCB0058E1E1 /* CustomCell.swift */; };
		A240808721EC26750058E1E1 /* EasyLoadingShimmer.podspec in Resources */ = {isa = PBXBuildFile; fileRef = A240808621EC26750058E1E1 /* EasyLoadingShimmer.podspec */; };
/* End PBXBuildFile section */

/* Begin PBXFileReference section */
		A2407FF121E833A10058E1E1 /* EasyLoadingShimmer.app */ = {isa = PBXFileReference; explicitFileType = wrapper.application; includeInIndex = 0; path = EasyLoadingShimmer.app; sourceTree = BUILT_PRODUCTS_DIR; };
		A2407FF421E833A10058E1E1 /* AppDelegate.swift */ = {isa = PBXFileReference; lastKnownFileType = sourcecode.swift; path = AppDelegate.swift; sourceTree = "<group>"; };
		A2407FF621E833A10058E1E1 /* ViewController.swift */ = {isa = PBXFileReference; lastKnownFileType = sourcecode.swift; path = ViewController.swift; sourceTree = "<group>"; };
		A2407FF921E833A10058E1E1 /* Base */ = {isa = PBXFileReference; lastKnownFileType = file.storyboard; name = Base; path = Base.lproj/Main.storyboard; sourceTree = "<group>"; };
		A2407FFB21E833A40058E1E1 /* Assets.xcassets */ = {isa = PBXFileReference; lastKnownFileType = folder.assetcatalog; path = Assets.xcassets; sourceTree = "<group>"; };
		A2407FFE21E833A40058E1E1 /* Base */ = {isa = PBXFileReference; lastKnownFileType = file.storyboard; name = Base; path = Base.lproj/LaunchScreen.storyboard; sourceTree = "<group>"; };
		A240800021E833A40058E1E1 /* Info.plist */ = {isa = PBXFileReference; lastKnownFileType = text.plist.xml; path = Info.plist; sourceTree = "<group>"; };
		A240800621E834860058E1E1 /* EasyTabBarConfigure.swift */ = {isa = PBXFileReference; lastKnownFileType = sourcecode.swift; path = EasyTabBarConfigure.swift; sourceTree = "<group>"; };
		A240800821E8351D0058E1E1 /* TableViewController.swift */ = {isa = PBXFileReference; lastKnownFileType = sourcecode.swift; path = TableViewController.swift; sourceTree = "<group>"; };
		A240800B21E838340058E1E1 /* EasyLoadingShimmer.swift */ = {isa = PBXFileReference; lastKnownFileType = sourcecode.swift; path = EasyLoadingShimmer.swift; sourceTree = "<group>"; };
		A240808321E99FCB0058E1E1 /* CustomCell.swift */ = {isa = PBXFileReference; lastKnownFileType = sourcecode.swift; path = CustomCell.swift; sourceTree = "<group>"; };
		A240808621EC26750058E1E1 /* EasyLoadingShimmer.podspec */ = {isa = PBXFileReference; explicitFileType = text.script.ruby; fileEncoding = 4; path = EasyLoadingShimmer.podspec; sourceTree = SOURCE_ROOT; };
/* End PBXFileReference section */

/* Begin PBXFrameworksBuildPhase section */
		A2407FEE21E833A10058E1E1 /* Frameworks */ = {
			isa = PBXFrameworksBuildPhase;
			buildActionMask = 2147483647;
			files = (
			);
			runOnlyForDeploymentPostprocessing = 0;
		};
/* End PBXFrameworksBuildPhase section */

/* Begin PBXGroup section */
		A2407FE821E833A10058E1E1 = {
			isa = PBXGroup;
			children = (
				A2407FF321E833A10058E1E1 /* EasyLoadingShimmer */,
				A2407FF221E833A10058E1E1 /* Products */,
			);
			sourceTree = "<group>";
		};
		A2407FF221E833A10058E1E1 /* Products */ = {
			isa = PBXGroup;
			children = (
				A2407FF121E833A10058E1E1 /* EasyLoadingShimmer.app */,
			);
			name = Products;
			sourceTree = "<group>";
		};
		A2407FF321E833A10058E1E1 /* EasyLoadingShimmer */ = {
			isa = PBXGroup;
			children = (
				A240808521EC26530058E1E1 /* Supporting Files */,
				A240800A21E837E90058E1E1 /* Libs */,
				A2407FF421E833A10058E1E1 /* AppDelegate.swift */,
				A240800621E834860058E1E1 /* EasyTabBarConfigure.swift */,
				A2407FF621E833A10058E1E1 /* ViewController.swift */,
				A240800821E8351D0058E1E1 /* TableViewController.swift */,
				A240808321E99FCB0058E1E1 /* CustomCell.swift */,
				A2407FF821E833A10058E1E1 /* Main.storyboard */,
				A2407FFB21E833A40058E1E1 /* Assets.xcassets */,
				A2407FFD21E833A40058E1E1 /* LaunchScreen.storyboard */,
				A240800021E833A40058E1E1 /* Info.plist */,
			);
			path = EasyLoadingShimmer;
			sourceTree = "<group>";
		};
		A240800A21E837E90058E1E1 /* Libs */ = {
			isa = PBXGroup;
			children = (
				A240800B21E838340058E1E1 /* EasyLoadingShimmer.swift */,
			);
			path = Libs;
			sourceTree = SOURCE_ROOT;
		};
		A240808521EC26530058E1E1 /* Supporting Files */ = {
			isa = PBXGroup;
			children = (
				A240808621EC26750058E1E1 /* EasyLoadingShimmer.podspec */,
			);
			name = "Supporting Files";
			sourceTree = "<group>";
		};
/* End PBXGroup section */

/* Begin PBXNativeTarget section */
		A2407FF021E833A10058E1E1 /* EasyLoadingShimmer */ = {
			isa = PBXNativeTarget;
			buildConfigurationList = A240800321E833A40058E1E1 /* Build configuration list for PBXNativeTarget "EasyLoadingShimmer" */;
			buildPhases = (
				A2407FED21E833A10058E1E1 /* Sources */,
				A2407FEE21E833A10058E1E1 /* Frameworks */,
				A2407FEF21E833A10058E1E1 /* Resources */,
			);
			buildRules = (
			);
			dependencies = (
			);
			name = EasyLoadingShimmer;
			productName = EasyLoadingShimmer;
			productReference = A2407FF121E833A10058E1E1 /* EasyLoadingShimmer.app */;
			productType = "com.apple.product-type.application";
		};
/* End PBXNativeTarget section */

/* Begin PBXProject section */
		A2407FE921E833A10058E1E1 /* Project object */ = {
			isa = PBXProject;
			attributes = {
				LastSwiftUpdateCheck = 1010;
				LastUpgradeCheck = 1010;
				ORGANIZATIONNAME = "王树军(金融壹账通客户端研发团队)";
				TargetAttributes = {
					A2407FF021E833A10058E1E1 = {
						CreatedOnToolsVersion = 10.1;
					};
				};
			};
			buildConfigurationList = A2407FEC21E833A10058E1E1 /* Build configuration list for PBXProject "EasyLoadingShimmer" */;
			compatibilityVersion = "Xcode 9.3";
			developmentRegion = en;
			hasScannedForEncodings = 0;
			knownRegions = (
				en,
				Base,
			);
			mainGroup = A2407FE821E833A10058E1E1;
			productRefGroup = A2407FF221E833A10058E1E1 /* Products */;
			projectDirPath = "";
			projectRoot = "";
			targets = (
				A2407FF021E833A10058E1E1 /* EasyLoadingShimmer */,
			);
		};
/* End PBXProject section */

/* Begin PBXResourcesBuildPhase section */
		A2407FEF21E833A10058E1E1 /* Resources */ = {
			isa = PBXResourcesBuildPhase;
			buildActionMask = 2147483647;
			files = (
				A2407FFF21E833A40058E1E1 /* LaunchScreen.storyboard in Resources */,
				A2407FFC21E833A40058E1E1 /* Assets.xcassets in Resources */,
				A2407FFA21E833A10058E1E1 /* Main.storyboard in Resources */,
				A240808721EC26750058E1E1 /* EasyLoadingShimmer.podspec in Resources */,
			);
			runOnlyForDeploymentPostprocessing = 0;
		};
/* End PBXResourcesBuildPhase section */

/* Begin PBXSourcesBuildPhase section */
		A2407FED21E833A10058E1E1 /* Sources */ = {
			isa = PBXSourcesBuildPhase;
			buildActionMask = 2147483647;
			files = (
				A2407FF721E833A10058E1E1 /* ViewController.swift in Sources */,
				A240800721E834860058E1E1 /* EasyTabBarConfigure.swift in Sources */,
				A240800C21E838340058E1E1 /* EasyLoadingShimmer.swift in Sources */,
				A2407FF521E833A10058E1E1 /* AppDelegate.swift in Sources */,
				A240808421E99FCB0058E1E1 /* CustomCell.swift in Sources */,
				A240800921E8351D0058E1E1 /* TableViewController.swift in Sources */,
			);
			runOnlyForDeploymentPostprocessing = 0;
		};
/* End PBXSourcesBuildPhase section */

/* Begin PBXVariantGroup section */
		A2407FF821E833A10058E1E1 /* Main.storyboard */ = {
			isa = PBXVariantGroup;
			children = (
				A2407FF921E833A10058E1E1 /* Base */,
			);
			name = Main.storyboard;
			sourceTree = "<group>";
		};
		A2407FFD21E833A40058E1E1 /* LaunchScreen.storyboard */ = {
			isa = PBXVariantGroup;
			children = (
				A2407FFE21E833A40058E1E1 /* Base */,
			);
			name = LaunchScreen.storyboard;
			sourceTree = "<group>";
		};
/* End PBXVariantGroup section */

/* Begin XCBuildConfiguration section */
		A240800121E833A40058E1E1 /* Debug */ = {
			isa = XCBuildConfiguration;
			buildSettings = {
				ALWAYS_SEARCH_USER_PATHS = NO;
				CLANG_ANALYZER_NONNULL = YES;
				CLANG_ANALYZER_NUMBER_OBJECT_CONVERSION = YES_AGGRESSIVE;
				CLANG_CXX_LANGUAGE_STANDARD = "gnu++14";
				CLANG_CXX_LIBRARY = "libc++";
				CLANG_ENABLE_MODULES = YES;
				CLANG_ENABLE_OBJC_ARC = YES;
				CLANG_ENABLE_OBJC_WEAK = YES;
				CLANG_WARN_BLOCK_CAPTURE_AUTORELEASING = YES;
				CLANG_WARN_BOOL_CONVERSION = YES;
				CLANG_WARN_COMMA = YES;
				CLANG_WARN_CONSTANT_CONVERSION = YES;
				CLANG_WARN_DEPRECATED_OBJC_IMPLEMENTATIONS = YES;
				CLANG_WARN_DIRECT_OBJC_ISA_USAGE = YES_ERROR;
				CLANG_WARN_DOCUMENTATION_COMMENTS = YES;
				CLANG_WARN_EMPTY_BODY = YES;
				CLANG_WARN_ENUM_CONVERSION = YES;
				CLANG_WARN_INFINITE_RECURSION = YES;
				CLANG_WARN_INT_CONVERSION = YES;
				CLANG_WARN_NON_LITERAL_NULL_CONVERSION = YES;
				CLANG_WARN_OBJC_IMPLICIT_RETAIN_SELF = YES;
				CLANG_WARN_OBJC_LITERAL_CONVERSION = YES;
				CLANG_WARN_OBJC_ROOT_CLASS = YES_ERROR;
				CLANG_WARN_RANGE_LOOP_ANALYSIS = YES;
				CLANG_WARN_STRICT_PROTOTYPES = YES;
				CLANG_WARN_SUSPICIOUS_MOVE = YES;
				CLANG_WARN_UNGUARDED_AVAILABILITY = YES_AGGRESSIVE;
				CLANG_WARN_UNREACHABLE_CODE = YES;
				CLANG_WARN__DUPLICATE_METHOD_MATCH = YES;
				CODE_SIGN_IDENTITY = "iPhone Developer";
				COPY_PHASE_STRIP = NO;
				DEBUG_INFORMATION_FORMAT = dwarf;
				ENABLE_STRICT_OBJC_MSGSEND = YES;
				ENABLE_TESTABILITY = YES;
				GCC_C_LANGUAGE_STANDARD = gnu11;
				GCC_DYNAMIC_NO_PIC = NO;
				GCC_NO_COMMON_BLOCKS = YES;
				GCC_OPTIMIZATION_LEVEL = 0;
				GCC_PREPROCESSOR_DEFINITIONS = (
					"DEBUG=1",
					"$(inherited)",
				);
				GCC_WARN_64_TO_32_BIT_CONVERSION = YES;
				GCC_WARN_ABOUT_RETURN_TYPE = YES_ERROR;
				GCC_WARN_UNDECLARED_SELECTOR = YES;
				GCC_WARN_UNINITIALIZED_AUTOS = YES_AGGRESSIVE;
				GCC_WARN_UNUSED_FUNCTION = YES;
				GCC_WARN_UNUSED_VARIABLE = YES;
				IPHONEOS_DEPLOYMENT_TARGET = 12.1;
				MTL_ENABLE_DEBUG_INFO = INCLUDE_SOURCE;
				MTL_FAST_MATH = YES;
				ONLY_ACTIVE_ARCH = YES;
				SDKROOT = iphoneos;
				SWIFT_ACTIVE_COMPILATION_CONDITIONS = DEBUG;
				SWIFT_OPTIMIZATION_LEVEL = "-Onone";
			};
			name = Debug;
		};
		A240800221E833A40058E1E1 /* Release */ = {
			isa = XCBuildConfiguration;
			buildSettings = {
				ALWAYS_SEARCH_USER_PATHS = NO;
				CLANG_ANALYZER_NONNULL = YES;
				CLANG_ANALYZER_NUMBER_OBJECT_CONVERSION = YES_AGGRESSIVE;
				CLANG_CXX_LANGUAGE_STANDARD = "gnu++14";
				CLANG_CXX_LIBRARY = "libc++";
				CLANG_ENABLE_MODULES = YES;
				CLANG_ENABLE_OBJC_ARC = YES;
				CLANG_ENABLE_OBJC_WEAK = YES;
				CLANG_WARN_BLOCK_CAPTURE_AUTORELEASING = YES;
				CLANG_WARN_BOOL_CONVERSION = YES;
				CLANG_WARN_COMMA = YES;
				CLANG_WARN_CONSTANT_CONVERSION = YES;
				CLANG_WARN_DEPRECATED_OBJC_IMPLEMENTATIONS = YES;
				CLANG_WARN_DIRECT_OBJC_ISA_USAGE = YES_ERROR;
				CLANG_WARN_DOCUMENTATION_COMMENTS = YES;
				CLANG_WARN_EMPTY_BODY = YES;
				CLANG_WARN_ENUM_CONVERSION = YES;
				CLANG_WARN_INFINITE_RECURSION = YES;
				CLANG_WARN_INT_CONVERSION = YES;
				CLANG_WARN_NON_LITERAL_NULL_CONVERSION = YES;
				CLANG_WARN_OBJC_IMPLICIT_RETAIN_SELF = YES;
				CLANG_WARN_OBJC_LITERAL_CONVERSION = YES;
				CLANG_WARN_OBJC_ROOT_CLASS = YES_ERROR;
				CLANG_WARN_RANGE_LOOP_ANALYSIS = YES;
				CLANG_WARN_STRICT_PROTOTYPES = YES;
				CLANG_WARN_SUSPICIOUS_MOVE = YES;
				CLANG_WARN_UNGUARDED_AVAILABILITY = YES_AGGRESSIVE;
				CLANG_WARN_UNREACHABLE_CODE = YES;
				CLANG_WARN__DUPLICATE_METHOD_MATCH = YES;
				CODE_SIGN_IDENTITY = "iPhone Developer";
				COPY_PHASE_STRIP = NO;
				DEBUG_INFORMATION_FORMAT = "dwarf-with-dsym";
				ENABLE_NS_ASSERTIONS = NO;
				ENABLE_STRICT_OBJC_MSGSEND = YES;
				GCC_C_LANGUAGE_STANDARD = gnu11;
				GCC_NO_COMMON_BLOCKS = YES;
				GCC_WARN_64_TO_32_BIT_CONVERSION = YES;
				GCC_WARN_ABOUT_RETURN_TYPE = YES_ERROR;
				GCC_WARN_UNDECLARED_SELECTOR = YES;
				GCC_WARN_UNINITIALIZED_AUTOS = YES_AGGRESSIVE;
				GCC_WARN_UNUSED_FUNCTION = YES;
				GCC_WARN_UNUSED_VARIABLE = YES;
				IPHONEOS_DEPLOYMENT_TARGET = 12.1;
				MTL_ENABLE_DEBUG_INFO = NO;
				MTL_FAST_MATH = YES;
				SDKROOT = iphoneos;
				SWIFT_COMPILATION_MODE = wholemodule;
				SWIFT_OPTIMIZATION_LEVEL = "-O";
				VALIDATE_PRODUCT = YES;
			};
			name = Release;
		};
		A240800421E833A40058E1E1 /* Debug */ = {
			isa = XCBuildConfiguration;
			buildSettings = {
				ASSETCATALOG_COMPILER_APPICON_NAME = AppIcon;
				CODE_SIGN_STYLE = Automatic;
				INFOPLIST_FILE = EasyLoadingShimmer/Info.plist;
				IPHONEOS_DEPLOYMENT_TARGET = 9.0;
				LD_RUNPATH_SEARCH_PATHS = (
					"$(inherited)",
					"@executable_path/Frameworks",
				);
				PRODUCT_BUNDLE_IDENTIFIER = com.pingan.EasyLoadingShimmer;
				PRODUCT_NAME = "$(TARGET_NAME)";
				SWIFT_VERSION = 4.2;
				TARGETED_DEVICE_FAMILY = "1,2";
			};
			name = Debug;
		};
		A240800521E833A40058E1E1 /* Release */ = {
			isa = XCBuildConfiguration;
			buildSettings = {
				ASSETCATALOG_COMPILER_APPICON_NAME = AppIcon;
				CODE_SIGN_STYLE = Automatic;
				INFOPLIST_FILE = EasyLoadingShimmer/Info.plist;
				IPHONEOS_DEPLOYMENT_TARGET = 9.0;
				LD_RUNPATH_SEARCH_PATHS = (
					"$(inherited)",
					"@executable_path/Frameworks",
				);
				PRODUCT_BUNDLE_IDENTIFIER = com.pingan.EasyLoadingShimmer;
				PRODUCT_NAME = "$(TARGET_NAME)";
				SWIFT_VERSION = 4.2;
				TARGETED_DEVICE_FAMILY = "1,2";
			};
			name = Release;
		};
/* End XCBuildConfiguration section */

/* Begin XCConfigurationList section */
		A2407FEC21E833A10058E1E1 /* Build configuration list for PBXProject "EasyLoadingShimmer" */ = {
			isa = XCConfigurationList;
			buildConfigurations = (
				A240800121E833A40058E1E1 /* Debug */,
				A240800221E833A40058E1E1 /* Release */,
			);
			defaultConfigurationIsVisible = 0;
			defaultConfigurationName = Release;
		};
		A240800321E833A40058E1E1 /* Build configuration list for PBXNativeTarget "EasyLoadingShimmer" */ = {
			isa = XCConfigurationList;
			buildConfigurations = (
				A240800421E833A40058E1E1 /* Debug */,
				A240800521E833A40058E1E1 /* Release */,
			);
			defaultConfigurationIsVisible = 0;
			defaultConfigurationName = Release;
		};
/* End XCConfigurationList section */
	};
	rootObject = A2407FE921E833A10058E1E1 /* Project object */;
}
